
Microsoft Visual Studio Solution File, Format Version 12.00
# Visual Studio Version 17
VisualStudioVersion = 17.0.32112.339
MinimumVisualStudioVersion = 10.0.40219.1
Project("{FAE04EC0-301F-11D3-BF4B-00C04F79EFBC}") = "Lesson_6", "Lesson_6\Lesson_6.csproj", "{24FAAD88-CFEB-477A-8F1F-623C52DDF5E1}"
EndProject
Global
	GlobalSection(SolutionConfigurationPlatforms) = preSolution
		Debug|Any CPU = Debug|Any CPU
		Release|Any CPU = Release|Any CPU
	EndGlobalSection
	GlobalSection(ProjectConfigurationPlatforms) = postSolution
		{24FAAD88-CFEB-477A-8F1F-623C52DDF5E1}.Debug|Any CPU.ActiveCfg = Debug|Any CPU
		{24FAAD88-CFEB-477A-8F1F-623C52DDF5E1}.Debug|Any CPU.Build.0 = Debug|Any CPU
		{24FAAD88-CFEB-477A-8F1F-623C52DDF5E1}.Release|Any CPU.ActiveCfg = Release|Any CPU
		{24FAAD88-CFEB-477A-8F1F-623C52DDF5E1}.Release|Any CPU.Build.0 = Release|Any CPU
	EndGlobalSection
	GlobalSection(SolutionProperties) = preSolution
		HideSolutionNode = FALSE
	EndGlobalSection
	GlobalSection(ExtensibilityGlobals) = postSolution
		SolutionGuid = {AAE7A101-164F-47F5-8F8E-F336D3186511}
	EndGlobalSection
EndGlobal
